
Microsoft Visual Studio Solution File, Format Version 12.00
# Visual Studio 15
VisualStudioVersion = 15.0.27428.2037
MinimumVisualStudioVersion = 10.0.40219.1
Project("{9A19103F-16F7-4668-BE54-9A1E7A4F7556}") = "Hospital.App", "Hospital.App\Hospital.App.csproj", "{293D813B-D5D6-48A8-A371-B893CD073C04}"
EndProject
Project("{9A19103F-16F7-4668-BE54-9A1E7A4F7556}") = "Hospital.Data", "Hospital.Data\Hospital.Data.csproj", "{B05316B9-16C4-42A4-9BA5-D9C3E233F765}"
EndProject
Project("{9A19103F-16F7-4668-BE54-9A1E7A4F7556}") = "Hospital.Models", "Hospital.Models\Hospital.Models.csproj", "{B21B869F-A08E-4BE4-BF3C-4D73559ED286}"
EndProject
Project("{FAE04EC0-301F-11D3-BF4B-00C04F79EFBC}") = "Hospital.Initializer", "Hospital.Initializer\Hospital.Initializer.csproj", "{C6D63452-6312-4D48-9CFD-77637EC62080}"
EndProject
Global
	GlobalSection(SolutionConfigurationPlatforms) = preSolution
		Debug|Any CPU = Debug|Any CPU
		Release|Any CPU = Release|Any CPU
	EndGlobalSection
	GlobalSection(ProjectConfigurationPlatforms) = postSolution
		{293D813B-D5D6-48A8-A371-B893CD073C04}.Debug|Any CPU.ActiveCfg = Debug|Any CPU
		{293D813B-D5D6-48A8-A371-B893CD073C04}.Debug|Any CPU.Build.0 = Debug|Any CPU
		{293D813B-D5D6-48A8-A371-B893CD073C04}.Release|Any CPU.ActiveCfg = Release|Any CPU
		{293D813B-D5D6-48A8-A371-B893CD073C04}.Release|Any CPU.Build.0 = Release|Any CPU
		{B05316B9-16C4-42A4-9BA5-D9C3E233F765}.Debug|Any CPU.ActiveCfg = Debug|Any CPU
		{B05316B9-16C4-42A4-9BA5-D9C3E233F765}.Debug|Any CPU.Build.0 = Debug|Any CPU
		{B05316B9-16C4-42A4-9BA5-D9C3E233F765}.Release|Any CPU.ActiveCfg = Release|Any CPU
		{B05316B9-16C4-42A4-9BA5-D9C3E233F765}.Release|Any CPU.Build.0 = Release|Any CPU
		{B21B869F-A08E-4BE4-BF3C-4D73559ED286}.Debug|Any CPU.ActiveCfg = Debug|Any CPU
		{B21B869F-A08E-4BE4-BF3C-4D73559ED286}.Debug|Any CPU.Build.0 = Debug|Any CPU
		{B21B869F-A08E-4BE4-BF3C-4D73559ED286}.Release|Any CPU.ActiveCfg = Release|Any CPU
		{B21B869F-A08E-4BE4-BF3C-4D73559ED286}.Release|Any CPU.Build.0 = Release|Any CPU
		{C6D63452-6312-4D48-9CFD-77637EC62080}.Debug|Any CPU.ActiveCfg = Debug|Any CPU
		{C6D63452-6312-4D48-9CFD-77637EC62080}.Debug|Any CPU.Build.0 = Debug|Any CPU
		{C6D63452-6312-4D48-9CFD-77637EC62080}.Release|Any CPU.ActiveCfg = Release|Any CPU
		{C6D63452-6312-4D48-9CFD-77637EC62080}.Release|Any CPU.Build.0 = Release|Any CPU
	EndGlobalSection
	GlobalSection(SolutionProperties) = preSolution
		HideSolutionNode = FALSE
	EndGlobalSection
	GlobalSection(ExtensibilityGlobals) = postSolution
		SolutionGuid = {FD9E8483-971A-45FB-97B3-42F90DA4CDBF}
	EndGlobalSection
EndGlobal
