
Microsoft Visual Studio Solution File, Format Version 12.00
# Visual Studio 15
VisualStudioVersion = 15.0.27428.2037
MinimumVisualStudioVersion = 10.0.40219.1
Project("{FAE04EC0-301F-11D3-BF4B-00C04F79EFBC}") = "CarDealer.App", "CarDealer.App\CarDealer.App.csproj", "{2EC572AF-8F08-43C6-9B59-0D0961955A92}"
EndProject
Project("{FAE04EC0-301F-11D3-BF4B-00C04F79EFBC}") = "CarDealer.Data", "CarDealer.Data\CarDealer.Data.csproj", "{8F61872C-C774-437F-B636-44F9D46E0D06}"
EndProject
Project("{FAE04EC0-301F-11D3-BF4B-00C04F79EFBC}") = "CarDealer.Models", "CarDealer.Models\CarDealer.Models.csproj", "{E60531B2-62CB-449B-BED6-6633196054F3}"
EndProject
Global
	GlobalSection(SolutionConfigurationPlatforms) = preSolution
		Debug|Any CPU = Debug|Any CPU
		Release|Any CPU = Release|Any CPU
	EndGlobalSection
	GlobalSection(ProjectConfigurationPlatforms) = postSolution
		{2EC572AF-8F08-43C6-9B59-0D0961955A92}.Debug|Any CPU.ActiveCfg = Debug|Any CPU
		{2EC572AF-8F08-43C6-9B59-0D0961955A92}.Debug|Any CPU.Build.0 = Debug|Any CPU
		{2EC572AF-8F08-43C6-9B59-0D0961955A92}.Release|Any CPU.ActiveCfg = Release|Any CPU
		{2EC572AF-8F08-43C6-9B59-0D0961955A92}.Release|Any CPU.Build.0 = Release|Any CPU
		{8F61872C-C774-437F-B636-44F9D46E0D06}.Debug|Any CPU.ActiveCfg = Debug|Any CPU
		{8F61872C-C774-437F-B636-44F9D46E0D06}.Debug|Any CPU.Build.0 = Debug|Any CPU
		{8F61872C-C774-437F-B636-44F9D46E0D06}.Release|Any CPU.ActiveCfg = Release|Any CPU
		{8F61872C-C774-437F-B636-44F9D46E0D06}.Release|Any CPU.Build.0 = Release|Any CPU
		{E60531B2-62CB-449B-BED6-6633196054F3}.Debug|Any CPU.ActiveCfg = Debug|Any CPU
		{E60531B2-62CB-449B-BED6-6633196054F3}.Debug|Any CPU.Build.0 = Debug|Any CPU
		{E60531B2-62CB-449B-BED6-6633196054F3}.Release|Any CPU.ActiveCfg = Release|Any CPU
		{E60531B2-62CB-449B-BED6-6633196054F3}.Release|Any CPU.Build.0 = Release|Any CPU
	EndGlobalSection
	GlobalSection(SolutionProperties) = preSolution
		HideSolutionNode = FALSE
	EndGlobalSection
	GlobalSection(ExtensibilityGlobals) = postSolution
		SolutionGuid = {F89D754A-4332-4E54-8570-70383AE2B5EC}
	EndGlobalSection
EndGlobal
