
Microsoft Visual Studio Solution File, Format Version 12.00
# Visual Studio 15
VisualStudioVersion = 15.0.27428.2037
MinimumVisualStudioVersion = 10.0.40219.1
Project("{FAE04EC0-301F-11D3-BF4B-00C04F79EFBC}") = "ProductShop.App", "ProductShop.App\ProductShop.App.csproj", "{7F6C0637-AFF0-418F-B160-A3EBD77E2C0E}"
EndProject
Project("{FAE04EC0-301F-11D3-BF4B-00C04F79EFBC}") = "ProductShop.Data", "ProductShop.Data\ProductShop.Data.csproj", "{E238C12C-6F25-42F7-9F4A-7FF25517B223}"
EndProject
Project("{FAE04EC0-301F-11D3-BF4B-00C04F79EFBC}") = "ProductShop.Models", "ProductShop.Models\ProductShop.Models.csproj", "{7A440100-02D1-41DA-AF84-B30FAD48086A}"
EndProject
Global
	GlobalSection(SolutionConfigurationPlatforms) = preSolution
		Debug|Any CPU = Debug|Any CPU
		Release|Any CPU = Release|Any CPU
	EndGlobalSection
	GlobalSection(ProjectConfigurationPlatforms) = postSolution
		{7F6C0637-AFF0-418F-B160-A3EBD77E2C0E}.Debug|Any CPU.ActiveCfg = Debug|Any CPU
		{7F6C0637-AFF0-418F-B160-A3EBD77E2C0E}.Debug|Any CPU.Build.0 = Debug|Any CPU
		{7F6C0637-AFF0-418F-B160-A3EBD77E2C0E}.Release|Any CPU.ActiveCfg = Release|Any CPU
		{7F6C0637-AFF0-418F-B160-A3EBD77E2C0E}.Release|Any CPU.Build.0 = Release|Any CPU
		{E238C12C-6F25-42F7-9F4A-7FF25517B223}.Debug|Any CPU.ActiveCfg = Debug|Any CPU
		{E238C12C-6F25-42F7-9F4A-7FF25517B223}.Debug|Any CPU.Build.0 = Debug|Any CPU
		{E238C12C-6F25-42F7-9F4A-7FF25517B223}.Release|Any CPU.ActiveCfg = Release|Any CPU
		{E238C12C-6F25-42F7-9F4A-7FF25517B223}.Release|Any CPU.Build.0 = Release|Any CPU
		{7A440100-02D1-41DA-AF84-B30FAD48086A}.Debug|Any CPU.ActiveCfg = Debug|Any CPU
		{7A440100-02D1-41DA-AF84-B30FAD48086A}.Debug|Any CPU.Build.0 = Debug|Any CPU
		{7A440100-02D1-41DA-AF84-B30FAD48086A}.Release|Any CPU.ActiveCfg = Release|Any CPU
		{7A440100-02D1-41DA-AF84-B30FAD48086A}.Release|Any CPU.Build.0 = Release|Any CPU
	EndGlobalSection
	GlobalSection(SolutionProperties) = preSolution
		HideSolutionNode = FALSE
	EndGlobalSection
	GlobalSection(ExtensibilityGlobals) = postSolution
		SolutionGuid = {BA0545B1-BAB2-450A-B6C6-392153C00F45}
	EndGlobalSection
EndGlobal
