
Microsoft Visual Studio Solution File, Format Version 12.00
# Visual Studio 15
VisualStudioVersion = 15.0.27428.2037
MinimumVisualStudioVersion = 10.0.40219.1
Project("{FAE04EC0-301F-11D3-BF4B-00C04F79EFBC}") = "FootballBetting.App", "FootballBetting.App\FootballBetting.App.csproj", "{FFB9750A-5AF0-4A31-ADEE-FCEB8231C8E3}"
EndProject
Project("{FAE04EC0-301F-11D3-BF4B-00C04F79EFBC}") = "FootballBetting.Data", "FootballBetting.Data\FootballBetting.Data.csproj", "{1F71205F-3682-41E8-B15F-C465978AE942}"
EndProject
Project("{FAE04EC0-301F-11D3-BF4B-00C04F79EFBC}") = "FootballBetting.Models", "FootballBetting.Models\FootballBetting.Models.csproj", "{D124DA89-2410-4DD4-8592-4C2C10DE6AA3}"
EndProject
Global
	GlobalSection(SolutionConfigurationPlatforms) = preSolution
		Debug|Any CPU = Debug|Any CPU
		Release|Any CPU = Release|Any CPU
	EndGlobalSection
	GlobalSection(ProjectConfigurationPlatforms) = postSolution
		{FFB9750A-5AF0-4A31-ADEE-FCEB8231C8E3}.Debug|Any CPU.ActiveCfg = Debug|Any CPU
		{FFB9750A-5AF0-4A31-ADEE-FCEB8231C8E3}.Debug|Any CPU.Build.0 = Debug|Any CPU
		{FFB9750A-5AF0-4A31-ADEE-FCEB8231C8E3}.Release|Any CPU.ActiveCfg = Release|Any CPU
		{FFB9750A-5AF0-4A31-ADEE-FCEB8231C8E3}.Release|Any CPU.Build.0 = Release|Any CPU
		{1F71205F-3682-41E8-B15F-C465978AE942}.Debug|Any CPU.ActiveCfg = Debug|Any CPU
		{1F71205F-3682-41E8-B15F-C465978AE942}.Debug|Any CPU.Build.0 = Debug|Any CPU
		{1F71205F-3682-41E8-B15F-C465978AE942}.Release|Any CPU.ActiveCfg = Release|Any CPU
		{1F71205F-3682-41E8-B15F-C465978AE942}.Release|Any CPU.Build.0 = Release|Any CPU
		{D124DA89-2410-4DD4-8592-4C2C10DE6AA3}.Debug|Any CPU.ActiveCfg = Debug|Any CPU
		{D124DA89-2410-4DD4-8592-4C2C10DE6AA3}.Debug|Any CPU.Build.0 = Debug|Any CPU
		{D124DA89-2410-4DD4-8592-4C2C10DE6AA3}.Release|Any CPU.ActiveCfg = Release|Any CPU
		{D124DA89-2410-4DD4-8592-4C2C10DE6AA3}.Release|Any CPU.Build.0 = Release|Any CPU
	EndGlobalSection
	GlobalSection(SolutionProperties) = preSolution
		HideSolutionNode = FALSE
	EndGlobalSection
	GlobalSection(ExtensibilityGlobals) = postSolution
		SolutionGuid = {48741E3D-F0AC-459C-B06A-D4DDC228B76A}
	EndGlobalSection
EndGlobal
